
Microsoft Visual Studio Solution File, Format Version 12.00
# Visual Studio Version 17
VisualStudioVersion = 17.0.31903.59
MinimumVisualStudioVersion = 10.0.40219.1
Project("{9A19103F-16F7-4668-BE54-9A1E7A4F7556}") = "FpIntroWebAPI", "FpIntroWebAPI\FpIntroWebAPI.csproj", "{60987D2F-DF3A-4C4C-86E2-08508F8C841E}"
EndProject
Project("{FAE04EC0-301F-11D3-BF4B-00C04F79EFBC}") = "FpIntroWebAPI.Security", "FpIntroWebAPI.Security\FpIntroWebAPI.Security.csproj", "{66238109-74F4-4259-B50F-FB273975C05C}"
EndProject
Global
	GlobalSection(SolutionConfigurationPlatforms) = preSolution
		Debug|Any CPU = Debug|Any CPU
		Release|Any CPU = Release|Any CPU
	EndGlobalSection
	GlobalSection(ProjectConfigurationPlatforms) = postSolution
		{60987D2F-DF3A-4C4C-86E2-08508F8C841E}.Debug|Any CPU.ActiveCfg = Debug|Any CPU
		{60987D2F-DF3A-4C4C-86E2-08508F8C841E}.Debug|Any CPU.Build.0 = Debug|Any CPU
		{60987D2F-DF3A-4C4C-86E2-08508F8C841E}.Release|Any CPU.ActiveCfg = Release|Any CPU
		{60987D2F-DF3A-4C4C-86E2-08508F8C841E}.Release|Any CPU.Build.0 = Release|Any CPU
		{66238109-74F4-4259-B50F-FB273975C05C}.Debug|Any CPU.ActiveCfg = Debug|Any CPU
		{66238109-74F4-4259-B50F-FB273975C05C}.Debug|Any CPU.Build.0 = Debug|Any CPU
		{66238109-74F4-4259-B50F-FB273975C05C}.Release|Any CPU.ActiveCfg = Release|Any CPU
		{66238109-74F4-4259-B50F-FB273975C05C}.Release|Any CPU.Build.0 = Release|Any CPU
	EndGlobalSection
	GlobalSection(SolutionProperties) = preSolution
		HideSolutionNode = FALSE
	EndGlobalSection
	GlobalSection(ExtensibilityGlobals) = postSolution
		SolutionGuid = {8114CC85-ECDC-4241-89A3-DDFB31881B3F}
	EndGlobalSection
EndGlobal
